github.com/Marlliton/slogpretty v0.1.3 h1:kLYjcKtFqikoCrXVMaI2R6fBy9pcJwoBJKdkhwGgoB4=
github.com/Marlliton/slogpretty v0.1.3/go.mod h1:vEC85AhV7Obb264VOAUMIBvwE3ivRSad6djal/v2sYU=
github.com/davecgh/go-spew v1.1.1 h1:vj9j/u1bqnvCEfJOwUhtlOARqs3+rkHYY13jYWTU97c=
github.com/davecgh/go-spew v1.1.1/go.mod h1:J7Y8YcW2NihsgmVo/mv3lAwl/skON4iLHjSsI+c5H38=
github.com/go-playground/assert/v2 v2.2.0 h1:JvknZsQTYeFEAhQwI4qEt9cyV5ONwRHC+lYKSsYSR8s=
github.com/go-playground/assert/v2 v2.2.0/go.mod h1:VDjEfimB/XKnb+ZQfWdccd7VUvScMdVu0Titje2rxJ4=
github.com/go-telegram/bot v1.20.0 h1:4Pea/qTidSspr4WBJw9FbHUMNhYeqszBqQUfsQEyFbc=
github.com/go-telegram/bot v1.20.0/go.mod h1:i2TRs7fXWIeaceF3z7KzsMt/he0TwkVC680mvdTFYeM=
github.com/go-telegram/bot v1.21.0 h1:Va/PbGc2vBDdv57GCUEEVV6ROlHWiC6SklJY9Hvhzps=
github.com/go-telegram/bot v1.21.0/go.mod h1:i2TRs7fXWIeaceF3z7KzsMt/he0TwkVC680mvdTFYeM=
github.com/google/uuid v1.6.0 h1:NIvaJDMOsjHA8n1jAhLSgzrAzy1Hgr+hNrb57e+94F0=
github.com/google/uuid v1.6.0/go.mod h1:TIyPZe4MgqvfeYDBFedMoGGpEw/LqOeaOT+nhxU+yHo=
github.com/gorilla/websocket v1.5.3 h1:saDtZ6Pbx/0u+bgYQ3q96pZgCzfhKXGPqt7kZ72aNNg=
github.com/gorilla/websocket v1.5.3/go.mod h1:YR8l580nyteQvAITg2hZ9XVh4b55+EU/adAjf1fMHhE=
github.com/joho/godotenv v1.5.1 h1:7eLL/+HRGLY0ldzfGMeQkb7vMd0as4CfYvUVzLqw0N0=
github.com/joho/godotenv v1.5.1/go.mod h1:f4LDr5Voq0i2e/R5DDNOoa2zzDfwtkZa6DnEwAbqwq4=
github.com/pmezard/go-difflib v1.0.0 h1:4DBwDE0NGyQoBHbLQYPwSUPoCMWR5BEzIk/f1lZbAQM=
github.com/pmezard/go-difflib v1.0.0/go.mod h1:iKH77koFhYxTK1pcRnkKkqfTogsbg7gZNVY4sRDYZ/4=
github.com/stretchr/testify v1.7.0 h1:nwc3DEeHmmLAfoZucVR881uASk0Mfjw8xYJ99tb5CcY=
github.com/stretchr/testify v1.7.0/go.mod h1:6Fq8oRcR53rry900zMqJjRRixrwX3KX962/h/Wwjteg=
github.com/zovgo/format v0.0.0-20251027134359-377d2ee9774f h1:bSnU5De0jfOIIsVbFXiEUspmjOzrUIv0uf59S/FhZ5Y=
github.com/zovgo/format v0.0.0-20251027134359-377d2ee9774f/go.mod h1:f+mtdmtLwMXUSTUUMpfrAdLWipuypOatEOaz1IERnxw=
github.com/zovgo/maxproto v0.0.0-20260516163659-ef0d29c35067 h1:70rRYCna9OtcSz8rNCkamr7dC/P3HD9g5u0fQXSqjFk=
github.com/zovgo/maxproto v0.0.0-20260516163659-ef0d29c35067/go.mod h1:Ag9g37Pl0AKAfRVL9HXhPyR4t17OcR7OTFuJxe3D/+A=
github.com/zovgo/maxproto v0.0.0-20260518214306-562a07de9eb4 h1:xnlbI64PAqG9vvcYd+0r9OGAbgNNZV6ylXs5MfDRqXU=
github.com/zovgo/maxproto v0.0.0-20260518214306-562a07de9eb4/go.mod h1:Ag9g37Pl0AKAfRVL9HXhPyR4t17OcR7OTFuJxe3D/+A=
go.uber.org/multierr v1.11.0 h1:blXXJkSxSSfBVBlC76pxqeO+LN3aDfLQo+309xJstO0=
go.uber.org/multierr v1.11.0/go.mod h1:20+QtiLqy0Nd6FdQB9TLXag12DsQkrbs3htMFfDN80Y=
gopkg.in/yaml.v3 v3.0.1 h1:fxVm/GzAzEWqLHuvctI91KS9hhNmmWOoWu0XTYJS7CA=
gopkg.in/yaml.v3 v3.0.1/go.mod h1:K4uyk7z7BCEPqu6E+C64Yfv1cQ7kz7rIZviUmN+EgEM=
